
Microsoft Visual Studio Solution File, Format Version 12.00
# Visual Studio Version 17
VisualStudioVersion = 17.11.35303.130
MinimumVisualStudioVersion = 10.0.40219.1
Project("{FAE04EC0-301F-11D3-BF4B-00C04F79EFBC}") = "AiNewsSummarizer", "AiNewsSummarizer.csproj", "{CABF5AF6-A267-4176-867E-03211D74BEB3}"
EndProject
Global
	GlobalSection(SolutionConfigurationPlatforms) = preSolution
		Debug|Any CPU = Debug|Any CPU
		Release|Any CPU = Release|Any CPU
	EndGlobalSection
	GlobalSection(ProjectConfigurationPlatforms) = postSolution
		{CABF5AF6-A267-4176-867E-03211D74BEB3}.Debug|Any CPU.ActiveCfg = Debug|Any CPU
		{CABF5AF6-A267-4176-867E-03211D74BEB3}.Debug|Any CPU.Build.0 = Debug|Any CPU
		{CABF5AF6-A267-4176-867E-03211D74BEB3}.Release|Any CPU.ActiveCfg = Release|Any CPU
		{CABF5AF6-A267-4176-867E-03211D74BEB3}.Release|Any CPU.Build.0 = Release|Any CPU
	EndGlobalSection
	GlobalSection(SolutionProperties) = preSolution
		HideSolutionNode = FALSE
	EndGlobalSection
	GlobalSection(ExtensibilityGlobals) = postSolution
		SolutionGuid = {FDEBEC2E-E529-4C9C-A923-CEB244146508}
	EndGlobalSection
EndGlobal
