
Microsoft Visual Studio Solution File, Format Version 12.00
# Visual Studio Version 17
VisualStudioVersion = 17.11.35303.130
MinimumVisualStudioVersion = 10.0.40219.1
Project("{FAE04EC0-301F-11D3-BF4B-00C04F79EFBC}") = "ApiGateway", "ApiGateway.csproj", "{43F0E767-E0D0-4571-A6E6-6A2FE6B18096}"
EndProject
Global
	GlobalSection(SolutionConfigurationPlatforms) = preSolution
		Debug|Any CPU = Debug|Any CPU
		Release|Any CPU = Release|Any CPU
	EndGlobalSection
	GlobalSection(ProjectConfigurationPlatforms) = postSolution
		{43F0E767-E0D0-4571-A6E6-6A2FE6B18096}.Debug|Any CPU.ActiveCfg = Debug|Any CPU
		{43F0E767-E0D0-4571-A6E6-6A2FE6B18096}.Debug|Any CPU.Build.0 = Debug|Any CPU
		{43F0E767-E0D0-4571-A6E6-6A2FE6B18096}.Release|Any CPU.ActiveCfg = Release|Any CPU
		{43F0E767-E0D0-4571-A6E6-6A2FE6B18096}.Release|Any CPU.Build.0 = Release|Any CPU
	EndGlobalSection
	GlobalSection(SolutionProperties) = preSolution
		HideSolutionNode = FALSE
	EndGlobalSection
	GlobalSection(ExtensibilityGlobals) = postSolution
		SolutionGuid = {6EF4B613-B3B9-4E61-A5A3-418BC331C443}
	EndGlobalSection
EndGlobal
